
Microsoft Visual Studio Solution File, Format Version 12.00
# Visual Studio 2015
Project("{FAE04EC0-301F-11D3-BF4B-00C04F79EFBC}") = "GitTest", "GitTest.csproj", "{3FCE0491-6070-B4C2-6B0B-B36D3AECBB02}"
EndProject
Global
	GlobalSection(SolutionConfigurationPlatforms) = preSolution
		Debug|Any CPU = Debug|Any CPU
		Release|Any CPU = Release|Any CPU
	EndGlobalSection
	GlobalSection(ProjectConfigurationPlatforms) = postSolution
		{3FCE0491-6070-B4C2-6B0B-B36D3AECBB02}.Debug|Any CPU.ActiveCfg = Debug|Any CPU
		{3FCE0491-6070-B4C2-6B0B-B36D3AECBB02}.Debug|Any CPU.Build.0 = Debug|Any CPU
		{3FCE0491-6070-B4C2-6B0B-B36D3AECBB02}.Release|Any CPU.ActiveCfg = Release|Any CPU
		{3FCE0491-6070-B4C2-6B0B-B36D3AECBB02}.Release|Any CPU.Build.0 = Release|Any CPU
	EndGlobalSection
	GlobalSection(SolutionProperties) = preSolution
		HideSolutionNode = FALSE
	EndGlobalSection
EndGlobal
